name: Update flake.lock

on:
  schedule:
    - cron: '0 0 * * 0' # Runs every Sunday at midnight

jobs:
  update-flake-lock:
    runs-on: ubuntu-latest
    steps:
      - name: Checkout repository
        uses: actions/checkout@v4

      - name: Set up Nix
        uses: DeterminateSystems/nix-installer-action@main

      - name: Update flake.lock
        run: nix flake update

      - name: Commit changes
        run: |
          git config --global user.name 'github-actions[bot]'
          git config --global user.email 'github-actions[bot]@users.noreply.github.com'
          git commit -am 'Update flake.lock'

      - name: Create pull request
        uses: peter-evans/create-pull-request@v4
        with:
          token: ${{ secrets.GITHUB_TOKEN }}
          commit-message: Update flake.lock
          title: Update flake.lock
          body: This PR updates the flake.lock file to the latest versions of dependencies.
